
Microsoft Visual Studio Solution File, Format Version 12.00
# Visual Studio Version 17
VisualStudioVersion = 17.14.36429.23
MinimumVisualStudioVersion = 10.0.40219.1
Project("{2150E333-8FDC-42A3-9474-1A3956D46DE8}") = "src", "src", "{02EA681E-C7D8-13C7-8484-4AC65E1B71E8}"
EndProject
Project("{2150E333-8FDC-42A3-9474-1A3956D46DE8}") = "UI", "UI", "{0142249E-0168-4D14-9925-9D35AE784FFA}"
EndProject
Project("{FAE04EC0-301F-11D3-BF4B-00C04F79EFBC}") = "NebulaOps.UI", "src\UI\NebularOps.UI\NebularOps.UI\NebulaOps.UI.csproj", "{698C9ABA-C64A-4DB2-B765-90A2BB3C10DF}"
EndProject
Project("{FAE04EC0-301F-11D3-BF4B-00C04F79EFBC}") = "NebulaOps.UI.Shared", "src\UI\NebularOps.UI\NebularOps.UI.Shared\NebulaOps.UI.Shared.csproj", "{93F08220-C729-40DA-B8BE-9EBA43F783E4}"
EndProject
Project("{FAE04EC0-301F-11D3-BF4B-00C04F79EFBC}") = "NebulaOps.UI.Web", "src\UI\NebularOps.UI\NebularOps.UI.Web\NebulaOps.UI.Web.csproj", "{FBAC08AC-BE34-457A-9372-76B3127FD643}"
EndProject
Project("{FAE04EC0-301F-11D3-BF4B-00C04F79EFBC}") = "NebulaOps.UI.Web.Client", "src\UI\NebularOps.UI\NebularOps.UI.Web.Client\NebulaOps.UI.Web.Client.csproj", "{622E117D-66EA-4A1F-9B2B-437F46D3244A}"
EndProject
Project("{2150E333-8FDC-42A3-9474-1A3956D46DE8}") = "Itens de Solução", "Itens de Solução", "{380A7511-A354-6D7A-0CC0-8FA1F1BA7B6C}"
	ProjectSection(SolutionItems) = preProject
		README.md = README.md
	EndProjectSection
EndProject
Project("{2150E333-8FDC-42A3-9474-1A3956D46DE8}") = "Agent", "Agent", "{1B9A1EBA-44DB-4C70-82D9-9B255DB23F53}"
EndProject
Project("{FAE04EC0-301F-11D3-BF4B-00C04F79EFBC}") = "NebulaOps.Agent.Api", "src\Agent\NebulaOps.Agent.Api\NebulaOps.Agent.Api.csproj", "{094CCC06-9BAC-4F48-A986-3183E3F561F5}"
EndProject
Project("{FAE04EC0-301F-11D3-BF4B-00C04F79EFBC}") = "NebulaOps.Agent", "src\Agent\NebulaOps.Agent\NebulaOps.Agent.csproj", "{F306367B-56A9-42EB-ACCB-85C3DD2F302F}"
EndProject
Project("{2150E333-8FDC-42A3-9474-1A3956D46DE8}") = "Common", "Common", "{FF601180-C588-46E4-A62D-C6C48D7CC04E}"
EndProject
Project("{2150E333-8FDC-42A3-9474-1A3956D46DE8}") = "Context", "Context", "{14233166-488A-4C3E-8894-EBD0492934D8}"
EndProject
Project("{FAE04EC0-301F-11D3-BF4B-00C04F79EFBC}") = "NebulaOps.Models", "NebulaOps.Models\NebulaOps.Models.csproj", "{15E25762-D25E-4C88-84C1-275D1297428C}"
EndProject
Project("{FAE04EC0-301F-11D3-BF4B-00C04F79EFBC}") = "NebulaOps.Context.Agent", "src\Context\NebulaOps.Context.Agent\NebulaOps.Context.Agent.csproj", "{4AE72E10-1911-40E7-B10E-0185EDC369DE}"
EndProject
Project("{2150E333-8FDC-42A3-9474-1A3956D46DE8}") = "Service", "Service", "{56CBA735-77E8-4039-9760-E494935E214B}"
EndProject
Project("{FAE04EC0-301F-11D3-BF4B-00C04F79EFBC}") = "NebulaOps.Service.Agent", "src\Service\NebulaOps.Service.Agent\NebulaOps.Service.Agent.csproj", "{EE271105-DDE6-40CD-848A-66C22828FEF7}"
EndProject
Project("{FAE04EC0-301F-11D3-BF4B-00C04F79EFBC}") = "NebulaOps.Service.Agent.Api", "NebulaOps.Service.Agent.Api\NebulaOps.Service.Agent.Api.csproj", "{F1E9A387-AC19-448B-94BA-568A02569E7B}"
EndProject
Project("{FAE04EC0-301F-11D3-BF4B-00C04F79EFBC}") = "NebulaOps.Mapper", "NebulaOps.Mapper\NebulaOps.Mapper.csproj", "{D6FB500F-E9CA-4DD7-A10E-ED706D44F064}"
EndProject
Global
	GlobalSection(SolutionConfigurationPlatforms) = preSolution
		Debug|Any CPU = Debug|Any CPU
		Release|Any CPU = Release|Any CPU
	EndGlobalSection
	GlobalSection(ProjectConfigurationPlatforms) = postSolution
		{698C9ABA-C64A-4DB2-B765-90A2BB3C10DF}.Debug|Any CPU.ActiveCfg = Debug|Any CPU
		{698C9ABA-C64A-4DB2-B765-90A2BB3C10DF}.Debug|Any CPU.Build.0 = Debug|Any CPU
		{698C9ABA-C64A-4DB2-B765-90A2BB3C10DF}.Debug|Any CPU.Deploy.0 = Debug|Any CPU
		{698C9ABA-C64A-4DB2-B765-90A2BB3C10DF}.Release|Any CPU.ActiveCfg = Release|Any CPU
		{698C9ABA-C64A-4DB2-B765-90A2BB3C10DF}.Release|Any CPU.Build.0 = Release|Any CPU
		{93F08220-C729-40DA-B8BE-9EBA43F783E4}.Debug|Any CPU.ActiveCfg = Debug|Any CPU
		{93F08220-C729-40DA-B8BE-9EBA43F783E4}.Debug|Any CPU.Build.0 = Debug|Any CPU
		{93F08220-C729-40DA-B8BE-9EBA43F783E4}.Release|Any CPU.ActiveCfg = Release|Any CPU
		{93F08220-C729-40DA-B8BE-9EBA43F783E4}.Release|Any CPU.Build.0 = Release|Any CPU
		{FBAC08AC-BE34-457A-9372-76B3127FD643}.Debug|Any CPU.ActiveCfg = Debug|Any CPU
		{FBAC08AC-BE34-457A-9372-76B3127FD643}.Debug|Any CPU.Build.0 = Debug|Any CPU
		{FBAC08AC-BE34-457A-9372-76B3127FD643}.Release|Any CPU.ActiveCfg = Release|Any CPU
		{FBAC08AC-BE34-457A-9372-76B3127FD643}.Release|Any CPU.Build.0 = Release|Any CPU
		{622E117D-66EA-4A1F-9B2B-437F46D3244A}.Debug|Any CPU.ActiveCfg = Debug|Any CPU
		{622E117D-66EA-4A1F-9B2B-437F46D3244A}.Debug|Any CPU.Build.0 = Debug|Any CPU
		{622E117D-66EA-4A1F-9B2B-437F46D3244A}.Release|Any CPU.ActiveCfg = Release|Any CPU
		{622E117D-66EA-4A1F-9B2B-437F46D3244A}.Release|Any CPU.Build.0 = Release|Any CPU
		{094CCC06-9BAC-4F48-A986-3183E3F561F5}.Debug|Any CPU.ActiveCfg = Debug|Any CPU
		{094CCC06-9BAC-4F48-A986-3183E3F561F5}.Debug|Any CPU.Build.0 = Debug|Any CPU
		{094CCC06-9BAC-4F48-A986-3183E3F561F5}.Release|Any CPU.ActiveCfg = Release|Any CPU
		{094CCC06-9BAC-4F48-A986-3183E3F561F5}.Release|Any CPU.Build.0 = Release|Any CPU
		{F306367B-56A9-42EB-ACCB-85C3DD2F302F}.Debug|Any CPU.ActiveCfg = Debug|Any CPU
		{F306367B-56A9-42EB-ACCB-85C3DD2F302F}.Debug|Any CPU.Build.0 = Debug|Any CPU
		{F306367B-56A9-42EB-ACCB-85C3DD2F302F}.Release|Any CPU.ActiveCfg = Release|Any CPU
		{F306367B-56A9-42EB-ACCB-85C3DD2F302F}.Release|Any CPU.Build.0 = Release|Any CPU
		{15E25762-D25E-4C88-84C1-275D1297428C}.Debug|Any CPU.ActiveCfg = Debug|Any CPU
		{15E25762-D25E-4C88-84C1-275D1297428C}.Debug|Any CPU.Build.0 = Debug|Any CPU
		{15E25762-D25E-4C88-84C1-275D1297428C}.Release|Any CPU.ActiveCfg = Release|Any CPU
		{15E25762-D25E-4C88-84C1-275D1297428C}.Release|Any CPU.Build.0 = Release|Any CPU
		{4AE72E10-1911-40E7-B10E-0185EDC369DE}.Debug|Any CPU.ActiveCfg = Debug|Any CPU
		{4AE72E10-1911-40E7-B10E-0185EDC369DE}.Debug|Any CPU.Build.0 = Debug|Any CPU
		{4AE72E10-1911-40E7-B10E-0185EDC369DE}.Release|Any CPU.ActiveCfg = Release|Any CPU
		{4AE72E10-1911-40E7-B10E-0185EDC369DE}.Release|Any CPU.Build.0 = Release|Any CPU
		{EE271105-DDE6-40CD-848A-66C22828FEF7}.Debug|Any CPU.ActiveCfg = Debug|Any CPU
		{EE271105-DDE6-40CD-848A-66C22828FEF7}.Debug|Any CPU.Build.0 = Debug|Any CPU
		{EE271105-DDE6-40CD-848A-66C22828FEF7}.Release|Any CPU.ActiveCfg = Release|Any CPU
		{EE271105-DDE6-40CD-848A-66C22828FEF7}.Release|Any CPU.Build.0 = Release|Any CPU
		{F1E9A387-AC19-448B-94BA-568A02569E7B}.Debug|Any CPU.ActiveCfg = Debug|Any CPU
		{F1E9A387-AC19-448B-94BA-568A02569E7B}.Debug|Any CPU.Build.0 = Debug|Any CPU
		{F1E9A387-AC19-448B-94BA-568A02569E7B}.Release|Any CPU.ActiveCfg = Release|Any CPU
		{F1E9A387-AC19-448B-94BA-568A02569E7B}.Release|Any CPU.Build.0 = Release|Any CPU
		{D6FB500F-E9CA-4DD7-A10E-ED706D44F064}.Debug|Any CPU.ActiveCfg = Debug|Any CPU
		{D6FB500F-E9CA-4DD7-A10E-ED706D44F064}.Debug|Any CPU.Build.0 = Debug|Any CPU
		{D6FB500F-E9CA-4DD7-A10E-ED706D44F064}.Release|Any CPU.ActiveCfg = Release|Any CPU
		{D6FB500F-E9CA-4DD7-A10E-ED706D44F064}.Release|Any CPU.Build.0 = Release|Any CPU
	EndGlobalSection
	GlobalSection(SolutionProperties) = preSolution
		HideSolutionNode = FALSE
	EndGlobalSection
	GlobalSection(NestedProjects) = preSolution
		{0142249E-0168-4D14-9925-9D35AE784FFA} = {02EA681E-C7D8-13C7-8484-4AC65E1B71E8}
		{698C9ABA-C64A-4DB2-B765-90A2BB3C10DF} = {0142249E-0168-4D14-9925-9D35AE784FFA}
		{93F08220-C729-40DA-B8BE-9EBA43F783E4} = {0142249E-0168-4D14-9925-9D35AE784FFA}
		{FBAC08AC-BE34-457A-9372-76B3127FD643} = {0142249E-0168-4D14-9925-9D35AE784FFA}
		{622E117D-66EA-4A1F-9B2B-437F46D3244A} = {0142249E-0168-4D14-9925-9D35AE784FFA}
		{1B9A1EBA-44DB-4C70-82D9-9B255DB23F53} = {02EA681E-C7D8-13C7-8484-4AC65E1B71E8}
		{094CCC06-9BAC-4F48-A986-3183E3F561F5} = {1B9A1EBA-44DB-4C70-82D9-9B255DB23F53}
		{F306367B-56A9-42EB-ACCB-85C3DD2F302F} = {1B9A1EBA-44DB-4C70-82D9-9B255DB23F53}
		{FF601180-C588-46E4-A62D-C6C48D7CC04E} = {02EA681E-C7D8-13C7-8484-4AC65E1B71E8}
		{14233166-488A-4C3E-8894-EBD0492934D8} = {02EA681E-C7D8-13C7-8484-4AC65E1B71E8}
		{15E25762-D25E-4C88-84C1-275D1297428C} = {FF601180-C588-46E4-A62D-C6C48D7CC04E}
		{4AE72E10-1911-40E7-B10E-0185EDC369DE} = {14233166-488A-4C3E-8894-EBD0492934D8}
		{56CBA735-77E8-4039-9760-E494935E214B} = {02EA681E-C7D8-13C7-8484-4AC65E1B71E8}
		{EE271105-DDE6-40CD-848A-66C22828FEF7} = {56CBA735-77E8-4039-9760-E494935E214B}
		{F1E9A387-AC19-448B-94BA-568A02569E7B} = {56CBA735-77E8-4039-9760-E494935E214B}
		{D6FB500F-E9CA-4DD7-A10E-ED706D44F064} = {FF601180-C588-46E4-A62D-C6C48D7CC04E}
	EndGlobalSection
	GlobalSection(ExtensibilityGlobals) = postSolution
		SolutionGuid = {3290A0DE-CB5D-45C0-AD1D-6325804DE390}
	EndGlobalSection
EndGlobal
